<?xml version="1.0" encoding="utf-8"?>
<Project ToolsVersion="4.0" xmlns="http://schemas.microsoft.com/developer/msbuild/2003">
  <ItemGroup>
    <Filter Include="Source Files">
      <UniqueIdentifier>{4FC737F1-C7A5-4376-A066-2A32D752A2FF}</UniqueIdentifier>
      <Extensions>cpp;c;cc;cxx;c++;cppm;ixx;def;odl;idl;hpj;bat;asm;asmx</Extensions>
    </Filter>
    <Filter Include="Header Files">
      <UniqueIdentifier>{93995380-89BD-4b04-88EB-625FBE52EBFB}</UniqueIdentifier>
      <Extensions>h;hh;hpp;hxx;h++;hm;inl;inc;ipp;xsd</Extensions>
    </Filter>
    <Filter Include="Resource Files">
      <UniqueIdentifier>{67DA6AB6-F800-4c08-8B7A-83BB121AAD01}</UniqueIdentifier>
      <Extensions>rc;ico;cur;bmp;dlg;rc2;rct;bin;rgs;gif;jpg;jpeg;jpe;resx;tiff;tif;png;wav;mfcribbon-ms</Extensions>
    </Filter>
    <Filter Include="Source Files\Tile">
      <UniqueIdentifier>{59843060-fd03-45aa-84e0-5805c8238376}</UniqueIdentifier>
    </Filter>
    <Filter Include="Header Files\Tile">
      <UniqueIdentifier>{0ae98b1b-8b41-4ef5-9f9f-79bc53ae1c19}</UniqueIdentifier>
    </Filter>
    <Filter Include="Source Files\GameObject">
      <UniqueIdentifier>{b6da9978-0f9c-4b90-aac4-016a38abafe7}</UniqueIdentifier>
    </Filter>
    <Filter Include="Source Files\GameObject\Entity">
      <UniqueIdentifier>{4db389bd-2bde-46ac-b336-8a6fba97d2c5}</UniqueIdentifier>
    </Filter>
    <Filter Include="Header Files\GameObject">
      <UniqueIdentifier>{2c6b00fc-f25e-4b62-80d5-9cfecf1d18e0}</UniqueIdentifier>
    </Filter>
    <Filter Include="Header Files\GameObject\Entity">
      <UniqueIdentifier>{2570f33d-cbe4-4751-9da1-8644b46a8fe5}</UniqueIdentifier>
    </Filter>
    <Filter Include="Header Files\GameObject\Entity\HumanAgent">
      <UniqueIdentifier>{422f5a2b-9d5f-4654-8881-401f94df269a}</UniqueIdentifier>
    </Filter>
    <Filter Include="Source Files\GameObject\Entity\HumanAgent">
      <UniqueIdentifier>{131457a9-efe3-4ed3-abcf-68c5e28722c9}</UniqueIdentifier>
    </Filter>
    <Filter Include="Source Files\GameObject\Entity\Inventory">
      <UniqueIdentifier>{d69dc8a1-5fd2-4020-9f24-55ccb9dcc4a1}</UniqueIdentifier>
    </Filter>
    <Filter Include="Header Files\GameObject\Entity\Inventory">
      <UniqueIdentifier>{aa62a0af-0428-434a-85ec-91cd3ba299b9}</UniqueIdentifier>
    </Filter>
  </ItemGroup>
  <ItemGroup>
    <ClCompile Include="main.cpp">
      <Filter>Source Files</Filter>
    </ClCompile>
    <ClCompile Include="Game.cpp">
      <Filter>Source Files</Filter>
    </ClCompile>
    <ClCompile Include="TextureManager.cpp">
      <Filter>Source Files</Filter>
    </ClCompile>
    <ClCompile Include="Entity.cpp">
      <Filter>Source Files\GameObject\Entity</Filter>
    </ClCompile>
    <ClCompile Include="Tile.cpp">
      <Filter>Source Files\Tile</Filter>
    </ClCompile>
    <ClCompile Include="LevelGenerator.cpp">
      <Filter>Source Files</Filter>
    </ClCompile>
    <ClCompile Include="Camera.cpp">
      <Filter>Source Files</Filter>
    </ClCompile>
    <ClCompile Include="PythonInterface.cpp">
      <Filter>Source Files</Filter>
    </ClCompile>
    <ClCompile Include="GameObject.cpp">
      <Filter>Source Files\GameObject</Filter>
    </ClCompile>
    <ClCompile Include="HumanAgentBase.cpp">
      <Filter>Source Files\GameObject\Entity\HumanAgent</Filter>
    </ClCompile>
    <ClCompile Include="HumanAgent.cpp">
      <Filter>Source Files\GameObject\Entity\HumanAgent</Filter>
    </ClCompile>
    <ClCompile Include="Item.cpp">
      <Filter>Source Files\GameObject\Entity\Inventory</Filter>
    </ClCompile>
    <ClCompile Include="Inventory.cpp">
      <Filter>Source Files\GameObject\Entity\Inventory</Filter>
    </ClCompile>
    <ClCompile Include="DirectionTypeConverter.cpp">
      <Filter>Source Files\GameObject\Entity</Filter>
    </ClCompile>
    <ClCompile Include="SharedMemoryManager.cpp">
      <Filter>Source Files</Filter>
    </ClCompile>
    <ClCompile Include="Crafting.cpp">
      <Filter>Source Files\GameObject\Entity\Inventory</Filter>
    </ClCompile>
  </ItemGroup>
  <ItemGroup>
    <ClInclude Include="Game.h">
      <Filter>Header Files</Filter>
    </ClInclude>
    <ClInclude Include="TextureManager.h">
      <Filter>Header Files</Filter>
    </ClInclude>
    <ClInclude Include="Tile.h">
      <Filter>Header Files\Tile</Filter>
    </ClInclude>
    <ClInclude Include="Entity.h">
      <Filter>Header Files\GameObject\Entity</Filter>
    </ClInclude>
    <ClInclude Include="LevelGenerator.h">
      <Filter>Header Files</Filter>
    </ClInclude>
    <ClInclude Include="Camera.h">
      <Filter>Header Files</Filter>
    </ClInclude>
    <ClInclude Include="PythonInterface.h">
      <Filter>Header Files</Filter>
    </ClInclude>
    <ClInclude Include="Config.h">
      <Filter>Header Files</Filter>
    </ClInclude>
    <ClInclude Include="GameObject.h">
      <Filter>Header Files\GameObject</Filter>
    </ClInclude>
    <ClInclude Include="TextureLoadTypes.h">
      <Filter>Header Files</Filter>
    </ClInclude>
    <ClInclude Include="TileType.h">
      <Filter>Header Files\Tile</Filter>
    </ClInclude>
    <ClInclude Include="HumanAgentBase.h">
      <Filter>Header Files\GameObject\Entity\HumanAgent</Filter>
    </ClInclude>
    <ClInclude Include="RewardType.h">
      <Filter>Header Files\GameObject\Entity\HumanAgent</Filter>
    </ClInclude>
    <ClInclude Include="ActionType.h">
      <Filter>Header Files\GameObject\Entity\HumanAgent</Filter>
    </ClInclude>
    <ClInclude Include="HumanAgent.h">
      <Filter>Header Files\GameObject\Entity\HumanAgent</Filter>
    </ClInclude>
    <ClInclude Include="Inventory.h">
      <Filter>Header Files\GameObject\Entity\Inventory</Filter>
    </ClInclude>
    <ClInclude Include="Item.h">
      <Filter>Header Files\GameObject\Entity\Inventory</Filter>
    </ClInclude>
    <ClInclude Include="ItemType.h">
      <Filter>Header Files\GameObject\Entity\Inventory</Filter>
    </ClInclude>
    <ClInclude Include="DirectionType.h">
      <Filter>Header Files\GameObject\Entity</Filter>
    </ClInclude>
    <ClInclude Include="SharedMemoryManager.h">
      <Filter>Header Files</Filter>
    </ClInclude>
    <ClInclude Include="UpdateResult.h">
      <Filter>Source Files</Filter>
    </ClInclude>
    <ClInclude Include="Crafting.h">
      <Filter>Header Files\GameObject\Entity\Inventory</Filter>
    </ClInclude>
  </ItemGroup>
  <ItemGroup>
    <Image Include="Textures\TempAnimal.png">
      <Filter>Resource Files</Filter>
    </Image>
    <Image Include="Textures\TempCliffTile.png">
      <Filter>Resource Files</Filter>
    </Image>
    <Image Include="Textures\TempDoorTile.png">
      <Filter>Resource Files</Filter>
    </Image>
    <Image Include="Textures\TempWallTile.png">
      <Filter>Resource Files</Filter>
    </Image>
    <Image Include="Textures\TempWaterTile.png">
      <Filter>Resource Files</Filter>
    </Image>
    <Image Include="..\..\..\..\..\..\Downloads\GrassTileWithTree.png">
      <Filter>Resource Files</Filter>
    </Image>
    <Image Include="..\..\..\..\..\..\Downloads\GrassTileWithRock.png">
      <Filter>Resource Files</Filter>
    </Image>
    <Image Include="..\..\..\..\..\..\Downloads\GrassTilePlain.png">
      <Filter>Resource Files</Filter>
    </Image>
    <Image Include="..\..\..\..\..\..\Downloads\GrassTileWithBushBerry.png">
      <Filter>Resource Files</Filter>
    </Image>
    <Image Include="..\..\..\..\..\..\Downloads\GrassTileWithBushFiber.png">
      <Filter>Resource Files</Filter>
    </Image>
    <Image Include="Textures\HumanAgent.png">
      <Filter>Resource Files</Filter>
    </Image>
  </ItemGroup>
</Project>